
Microsoft Visual Studio Solution File, Format Version 12.00
# Visual Studio Version 17
VisualStudioVersion = 17.1.32328.378
MinimumVisualStudioVersion = 10.0.40219.1
Project("{9A19103F-16F7-4668-BE54-9A1E7A4F7556}") = "OnlineStore", "OnlineStore\OnlineStore.csproj", "{D16EB466-7EF3-4D57-BE89-5736A935EF29}"
EndProject
Project("{9A19103F-16F7-4668-BE54-9A1E7A4F7556}") = "OnlineStore.Domain", "OnlineStore.Domain\OnlineStore.Domain.csproj", "{F01DECDC-7A98-4451-B432-4B9416DB700C}"
EndProject
Project("{9A19103F-16F7-4668-BE54-9A1E7A4F7556}") = "OnlineStore.DataAccess", "OnlineStore.DataAccess\OnlineStore.DataAccess.csproj", "{A9451741-D247-450E-BC8E-28B9267FF577}"
EndProject
Project("{FAE04EC0-301F-11D3-BF4B-00C04F79EFBC}") = "OnlineStore.Application", "OnlineStore.Application\OnlineStore.Application.csproj", "{4BBEB0FD-4D01-45C4-9C57-37ACDB1ED8DE}"
EndProject
Project("{FAE04EC0-301F-11D3-BF4B-00C04F79EFBC}") = "OnlineStore.ViewModels", "OnlineStore.ViewModels\OnlineStore.ViewModels.csproj", "{B9C705CC-D676-4C02-B9EF-B2632B086D75}"
EndProject
Global
	GlobalSection(SolutionConfigurationPlatforms) = preSolution
		Debug|Any CPU = Debug|Any CPU
		Release|Any CPU = Release|Any CPU
	EndGlobalSection
	GlobalSection(ProjectConfigurationPlatforms) = postSolution
		{D16EB466-7EF3-4D57-BE89-5736A935EF29}.Debug|Any CPU.ActiveCfg = Debug|Any CPU
		{D16EB466-7EF3-4D57-BE89-5736A935EF29}.Debug|Any CPU.Build.0 = Debug|Any CPU
		{D16EB466-7EF3-4D57-BE89-5736A935EF29}.Release|Any CPU.ActiveCfg = Release|Any CPU
		{D16EB466-7EF3-4D57-BE89-5736A935EF29}.Release|Any CPU.Build.0 = Release|Any CPU
		{F01DECDC-7A98-4451-B432-4B9416DB700C}.Debug|Any CPU.ActiveCfg = Debug|Any CPU
		{F01DECDC-7A98-4451-B432-4B9416DB700C}.Debug|Any CPU.Build.0 = Debug|Any CPU
		{F01DECDC-7A98-4451-B432-4B9416DB700C}.Release|Any CPU.ActiveCfg = Release|Any CPU
		{F01DECDC-7A98-4451-B432-4B9416DB700C}.Release|Any CPU.Build.0 = Release|Any CPU
		{A9451741-D247-450E-BC8E-28B9267FF577}.Debug|Any CPU.ActiveCfg = Debug|Any CPU
		{A9451741-D247-450E-BC8E-28B9267FF577}.Debug|Any CPU.Build.0 = Debug|Any CPU
		{A9451741-D247-450E-BC8E-28B9267FF577}.Release|Any CPU.ActiveCfg = Release|Any CPU
		{A9451741-D247-450E-BC8E-28B9267FF577}.Release|Any CPU.Build.0 = Release|Any CPU
		{4BBEB0FD-4D01-45C4-9C57-37ACDB1ED8DE}.Debug|Any CPU.ActiveCfg = Debug|Any CPU
		{4BBEB0FD-4D01-45C4-9C57-37ACDB1ED8DE}.Debug|Any CPU.Build.0 = Debug|Any CPU
		{4BBEB0FD-4D01-45C4-9C57-37ACDB1ED8DE}.Release|Any CPU.ActiveCfg = Release|Any CPU
		{4BBEB0FD-4D01-45C4-9C57-37ACDB1ED8DE}.Release|Any CPU.Build.0 = Release|Any CPU
		{B9C705CC-D676-4C02-B9EF-B2632B086D75}.Debug|Any CPU.ActiveCfg = Debug|Any CPU
		{B9C705CC-D676-4C02-B9EF-B2632B086D75}.Debug|Any CPU.Build.0 = Debug|Any CPU
		{B9C705CC-D676-4C02-B9EF-B2632B086D75}.Release|Any CPU.ActiveCfg = Release|Any CPU
		{B9C705CC-D676-4C02-B9EF-B2632B086D75}.Release|Any CPU.Build.0 = Release|Any CPU
	EndGlobalSection
	GlobalSection(SolutionProperties) = preSolution
		HideSolutionNode = FALSE
	EndGlobalSection
	GlobalSection(ExtensibilityGlobals) = postSolution
		SolutionGuid = {1838CC9F-7C0E-4DD6-934F-6AB3EB1922E5}
	EndGlobalSection
EndGlobal
